
Microsoft Visual Studio Solution File, Format Version 12.00
# Visual Studio 2013
VisualStudioVersion = 12.0.21005.1
MinimumVisualStudioVersion = 10.0.40219.1
Project("{FAE04EC0-301F-11D3-BF4B-00C04F79EFBC}") = "Friendly.XamControls", "Friendly.XamControls\Friendly.XamControls.csproj", "{3A47B26C-2A80-4E82-837B-F1DCBEC9B02D}"
EndProject
Project("{FAE04EC0-301F-11D3-BF4B-00C04F79EFBC}") = "XamApp", "XamApp\XamApp.csproj", "{40F50649-99A6-4A3C-8CBD-3BE78B7B4D57}"
EndProject
Project("{FAE04EC0-301F-11D3-BF4B-00C04F79EFBC}") = "Test", "Test\Test.csproj", "{19B7730F-CCF7-4328-A3AC-9F0070F2665D}"
EndProject
Global
	GlobalSection(SolutionConfigurationPlatforms) = preSolution
		Debug|Any CPU = Debug|Any CPU
		Release|Any CPU = Release|Any CPU
	EndGlobalSection
	GlobalSection(ProjectConfigurationPlatforms) = postSolution
		{3A47B26C-2A80-4E82-837B-F1DCBEC9B02D}.Debug|Any CPU.ActiveCfg = Debug|Any CPU
		{3A47B26C-2A80-4E82-837B-F1DCBEC9B02D}.Debug|Any CPU.Build.0 = Debug|Any CPU
		{3A47B26C-2A80-4E82-837B-F1DCBEC9B02D}.Release|Any CPU.ActiveCfg = Release|Any CPU
		{3A47B26C-2A80-4E82-837B-F1DCBEC9B02D}.Release|Any CPU.Build.0 = Release|Any CPU
		{40F50649-99A6-4A3C-8CBD-3BE78B7B4D57}.Debug|Any CPU.ActiveCfg = Debug|Any CPU
		{40F50649-99A6-4A3C-8CBD-3BE78B7B4D57}.Debug|Any CPU.Build.0 = Debug|Any CPU
		{40F50649-99A6-4A3C-8CBD-3BE78B7B4D57}.Release|Any CPU.ActiveCfg = Release|Any CPU
		{40F50649-99A6-4A3C-8CBD-3BE78B7B4D57}.Release|Any CPU.Build.0 = Release|Any CPU
		{19B7730F-CCF7-4328-A3AC-9F0070F2665D}.Debug|Any CPU.ActiveCfg = Debug|Any CPU
		{19B7730F-CCF7-4328-A3AC-9F0070F2665D}.Debug|Any CPU.Build.0 = Debug|Any CPU
		{19B7730F-CCF7-4328-A3AC-9F0070F2665D}.Release|Any CPU.ActiveCfg = Release|Any CPU
		{19B7730F-CCF7-4328-A3AC-9F0070F2665D}.Release|Any CPU.Build.0 = Release|Any CPU
	EndGlobalSection
	GlobalSection(SolutionProperties) = preSolution
		HideSolutionNode = FALSE
	EndGlobalSection
EndGlobal
